
Microsoft Visual Studio Solution File, Format Version 12.00
# Visual Studio Version 17
VisualStudioVersion = 17.5.002.0
MinimumVisualStudioVersion = 10.0.40219.1
Project("{9A19103F-16F7-4668-BE54-9A1E7A4F7556}") = "PizzaStore", "PizzaStore\PizzaStore.csproj", "{47D2E769-1B5B-4D35-9D07-B17CD93504CF}"
EndProject
Global
	GlobalSection(SolutionConfigurationPlatforms) = preSolution
		Debug|Any CPU = Debug|Any CPU
		Release|Any CPU = Release|Any CPU
	EndGlobalSection
	GlobalSection(ProjectConfigurationPlatforms) = postSolution
		{47D2E769-1B5B-4D35-9D07-B17CD93504CF}.Debug|Any CPU.ActiveCfg = Debug|Any CPU
		{47D2E769-1B5B-4D35-9D07-B17CD93504CF}.Debug|Any CPU.Build.0 = Debug|Any CPU
		{47D2E769-1B5B-4D35-9D07-B17CD93504CF}.Release|Any CPU.ActiveCfg = Release|Any CPU
		{47D2E769-1B5B-4D35-9D07-B17CD93504CF}.Release|Any CPU.Build.0 = Release|Any CPU
	EndGlobalSection
	GlobalSection(SolutionProperties) = preSolution
		HideSolutionNode = FALSE
	EndGlobalSection
	GlobalSection(ExtensibilityGlobals) = postSolution
		SolutionGuid = {B4CE50F9-ECA2-460F-8080-0A8FA181149D}
	EndGlobalSection
EndGlobal
